// !$*UTF8*$!
{
	archiveVersion = 1;
	classes = {
	};
	objectVersion = 56;
	objects = {

/* Begin PBXBuildFile section */
		0331DC6B2A8B61EC004AA682 /* TapArea.swift in Sources */ = {isa = PBXBuildFile; fileRef = 0331DC6A2A8B61EC004AA682 /* TapArea.swift */; };
		0331DC6D2A8B640D004AA682 /* TapEngine.swift in Sources */ = {isa = PBXBuildFile; fileRef = 0331DC6C2A8B640D004AA682 /* TapEngine.swift */; };
		034594452A83C1B9000D2184 /* HapticsDemoAPP.swift in Sources */ = {isa = PBXBuildFile; fileRef = 034594442A83C1B9000D2184 /* HapticsDemoAPP.swift */; };
		034594472A83C1B9000D2184 /* ContentView.swift in Sources */ = {isa = PBXBuildFile; fileRef = 034594462A83C1B9000D2184 /* ContentView.swift */; };
		034594492A83C1BC000D2184 /* Assets.xcassets in Resources */ = {isa = PBXBuildFile; fileRef = 034594482A83C1BC000D2184 /* Assets.xcassets */; };
/* End PBXBuildFile section */

/* Begin PBXContainerItemProxy section */
		034594522A83C1BC000D2184 /* PBXContainerItemProxy */ = {
			isa = PBXContainerItemProxy;
			containerPortal = 034594392A83C1B9000D2184 /* Project object */;
			proxyType = 1;
			remoteGlobalIDString = 034594402A83C1B9000D2184;
			remoteInfo = hapticsexample;
		};
		0345945C2A83C1BC000D2184 /* PBXContainerItemProxy */ = {
			isa = PBXContainerItemProxy;
			containerPortal = 034594392A83C1B9000D2184 /* Project object */;
			proxyType = 1;
			remoteGlobalIDString = 034594402A83C1B9000D2184;
			remoteInfo = hapticsexample;
		};
/* End PBXContainerItemProxy section */

/* Begin PBXFileReference section */
		0331DC6A2A8B61EC004AA682 /* TapArea.swift */ = {isa = PBXFileReference; lastKnownFileType = sourcecode.swift; path = TapArea.swift; sourceTree = "<group>"; };
		0331DC6C2A8B640D004AA682 /* TapEngine.swift */ = {isa = PBXFileReference; lastKnownFileType = sourcecode.swift; path = TapEngine.swift; sourceTree = "<group>"; };
		034594412A83C1B9000D2184 /* HapticsDemo.app */ = {isa = PBXFileReference; explicitFileType = wrapper.application; includeInIndex = 0; path = HapticsDemo.app; sourceTree = BUILT_PRODUCTS_DIR; };
		034594442A83C1B9000D2184 /* HapticsDemoAPP.swift */ = {isa = PBXFileReference; lastKnownFileType = sourcecode.swift; path = HapticsDemoAPP.swift; sourceTree = "<group>"; };
		034594462A83C1B9000D2184 /* ContentView.swift */ = {isa = PBXFileReference; lastKnownFileType = sourcecode.swift; path = ContentView.swift; sourceTree = "<group>"; };
		034594482A83C1BC000D2184 /* Assets.xcassets */ = {isa = PBXFileReference; lastKnownFileType = folder.assetcatalog; path = Assets.xcassets; sourceTree = "<group>"; };
		034594512A83C1BC000D2184 /* HapticsDemoTests.xctest */ = {isa = PBXFileReference; explicitFileType = wrapper.cfbundle; includeInIndex = 0; path = HapticsDemoTests.xctest; sourceTree = BUILT_PRODUCTS_DIR; };
		0345945B2A83C1BC000D2184 /* HapticsDemoUITests.xctest */ = {isa = PBXFileReference; explicitFileType = wrapper.cfbundle; includeInIndex = 0; path = HapticsDemoUITests.xctest; sourceTree = BUILT_PRODUCTS_DIR; };
/* End PBXFileReference section */

/* Begin PBXFrameworksBuildPhase section */
		0345943E2A83C1B9000D2184 /* Frameworks */ = {
			isa = PBXFrameworksBuildPhase;
			buildActionMask = 2147483647;
			files = (
			);
			runOnlyForDeploymentPostprocessing = 0;
		};
		0345944E2A83C1BC000D2184 /* Frameworks */ = {
			isa = PBXFrameworksBuildPhase;
			buildActionMask = 2147483647;
			files = (
			);
			runOnlyForDeploymentPostprocessing = 0;
		};
		034594582A83C1BC000D2184 /* Frameworks */ = {
			isa = PBXFrameworksBuildPhase;
			buildActionMask = 2147483647;
			files = (
			);
			runOnlyForDeploymentPostprocessing = 0;
		};
/* End PBXFrameworksBuildPhase section */

/* Begin PBXGroup section */
		034594382A83C1B9000D2184 = {
			isa = PBXGroup;
			children = (
				034594432A83C1B9000D2184 /* HapticsDemo */,
				034594422A83C1B9000D2184 /* Products */,
			);
			sourceTree = "<group>";
		};
		034594422A83C1B9000D2184 /* Products */ = {
			isa = PBXGroup;
			children = (
				034594412A83C1B9000D2184 /* HapticsDemo.app */,
				034594512A83C1BC000D2184 /* HapticsDemoTests.xctest */,
				0345945B2A83C1BC000D2184 /* HapticsDemoUITests.xctest */,
			);
			name = Products;
			sourceTree = "<group>";
		};
		034594432A83C1B9000D2184 /* HapticsDemo */ = {
			isa = PBXGroup;
			children = (
				034594442A83C1B9000D2184 /* HapticsDemoAPP.swift */,
				034594462A83C1B9000D2184 /* ContentView.swift */,
				0331DC6A2A8B61EC004AA682 /* TapArea.swift */,
				0331DC6C2A8B640D004AA682 /* TapEngine.swift */,
				034594482A83C1BC000D2184 /* Assets.xcassets */,
			);
			path = HapticsDemo;
			sourceTree = "<group>";
		};
/* End PBXGroup section */

/* Begin PBXNativeTarget section */
		034594402A83C1B9000D2184 /* HapticsDemo */ = {
			isa = PBXNativeTarget;
			buildConfigurationList = 034594652A83C1BC000D2184 /* Build configuration list for PBXNativeTarget "HapticsDemo" */;
			buildPhases = (
				0345943D2A83C1B9000D2184 /* Sources */,
				0345943E2A83C1B9000D2184 /* Frameworks */,
				0345943F2A83C1B9000D2184 /* Resources */,
			);
			buildRules = (
			);
			dependencies = (
			);
			name = HapticsDemo;
			productName = hapticsexample;
			productReference = 034594412A83C1B9000D2184 /* HapticsDemo.app */;
			productType = "com.apple.product-type.application";
		};
		034594502A83C1BC000D2184 /* HapticsDemoTests */ = {
			isa = PBXNativeTarget;
			buildConfigurationList = 034594682A83C1BC000D2184 /* Build configuration list for PBXNativeTarget "HapticsDemoTests" */;
			buildPhases = (
				0345944D2A83C1BC000D2184 /* Sources */,
				0345944E2A83C1BC000D2184 /* Frameworks */,
				0345944F2A83C1BC000D2184 /* Resources */,
			);
			buildRules = (
			);
			dependencies = (
				034594532A83C1BC000D2184 /* PBXTargetDependency */,
			);
			name = HapticsDemoTests;
			productName = hapticsexampleTests;
			productReference = 034594512A83C1BC000D2184 /* HapticsDemoTests.xctest */;
			productType = "com.apple.product-type.bundle.unit-test";
		};
		0345945A2A83C1BC000D2184 /* HapticsDemoUITests */ = {
			isa = PBXNativeTarget;
			buildConfigurationList = 0345946B2A83C1BC000D2184 /* Build configuration list for PBXNativeTarget "HapticsDemoUITests" */;
			buildPhases = (
				034594572A83C1BC000D2184 /* Sources */,
				034594582A83C1BC000D2184 /* Frameworks */,
				034594592A83C1BC000D2184 /* Resources */,
			);
			buildRules = (
			);
			dependencies = (
				0345945D2A83C1BC000D2184 /* PBXTargetDependency */,
			);
			name = HapticsDemoUITests;
			productName = hapticsexampleUITests;
			productReference = 0345945B2A83C1BC000D2184 /* HapticsDemoUITests.xctest */;
			productType = "com.apple.product-type.bundle.ui-testing";
		};
/* End PBXNativeTarget section */

/* Begin PBXProject section */
		034594392A83C1B9000D2184 /* Project object */ = {
			isa = PBXProject;
			attributes = {
				BuildIndependentTargetsInParallel = 1;
				LastSwiftUpdateCheck = 1500;
				LastUpgradeCheck = 1500;
				TargetAttributes = {
					034594402A83C1B9000D2184 = {
						CreatedOnToolsVersion = 15.0;
					};
					034594502A83C1BC000D2184 = {
						CreatedOnToolsVersion = 15.0;
						TestTargetID = 034594402A83C1B9000D2184;
					};
					0345945A2A83C1BC000D2184 = {
						CreatedOnToolsVersion = 15.0;
						TestTargetID = 034594402A83C1B9000D2184;
					};
				};
			};
			buildConfigurationList = 0345943C2A83C1B9000D2184 /* Build configuration list for PBXProject "HapticsDemo" */;
			compatibilityVersion = "Xcode 14.0";
			developmentRegion = en;
			hasScannedForEncodings = 0;
			knownRegions = (
				en,
				Base,
			);
			mainGroup = 034594382A83C1B9000D2184;
			productRefGroup = 034594422A83C1B9000D2184 /* Products */;
			projectDirPath = "";
			projectRoot = "";
			targets = (
				034594402A83C1B9000D2184 /* HapticsDemo */,
				034594502A83C1BC000D2184 /* HapticsDemoTests */,
				0345945A2A83C1BC000D2184 /* HapticsDemoUITests */,
			);
		};
/* End PBXProject section */

/* Begin PBXResourcesBuildPhase section */
		0345943F2A83C1B9000D2184 /* Resources */ = {
			isa = PBXResourcesBuildPhase;
			buildActionMask = 2147483647;
			files = (
				034594492A83C1BC000D2184 /* Assets.xcassets in Resources */,
			);
			runOnlyForDeploymentPostprocessing = 0;
		};
		0345944F2A83C1BC000D2184 /* Resources */ = {
			isa = PBXResourcesBuildPhase;
			buildActionMask = 2147483647;
			files = (
			);
			runOnlyForDeploymentPostprocessing = 0;
		};
		034594592A83C1BC000D2184 /* Resources */ = {
			isa = PBXResourcesBuildPhase;
			buildActionMask = 2147483647;
			files = (
			);
			runOnlyForDeploymentPostprocessing = 0;
		};
/* End PBXResourcesBuildPhase section */

/* Begin PBXSourcesBuildPhase section */
		0345943D2A83C1B9000D2184 /* Sources */ = {
			isa = PBXSourcesBuildPhase;
			buildActionMask = 2147483647;
			files = (
				034594472A83C1B9000D2184 /* ContentView.swift in Sources */,
				0331DC6B2A8B61EC004AA682 /* TapArea.swift in Sources */,
				034594452A83C1B9000D2184 /* HapticsDemoAPP.swift in Sources */,
				0331DC6D2A8B640D004AA682 /* TapEngine.swift in Sources */,
			);
			runOnlyForDeploymentPostprocessing = 0;
		};
		0345944D2A83C1BC000D2184 /* Sources */ = {
			isa = PBXSourcesBuildPhase;
			buildActionMask = 2147483647;
			files = (
			);
			runOnlyForDeploymentPostprocessing = 0;
		};
		034594572A83C1BC000D2184 /* Sources */ = {
			isa = PBXSourcesBuildPhase;
			buildActionMask = 2147483647;
			files = (
			);
			runOnlyForDeploymentPostprocessing = 0;
		};
/* End PBXSourcesBuildPhase section */

/* Begin PBXTargetDependency section */
		034594532A83C1BC000D2184 /* PBXTargetDependency */ = {
			isa = PBXTargetDependency;
			target = 034594402A83C1B9000D2184 /* HapticsDemo */;
			targetProxy = 034594522A83C1BC000D2184 /* PBXContainerItemProxy */;
		};
		0345945D2A83C1BC000D2184 /* PBXTargetDependency */ = {
			isa = PBXTargetDependency;
			target = 034594402A83C1B9000D2184 /* HapticsDemo */;
			targetProxy = 0345945C2A83C1BC000D2184 /* PBXContainerItemProxy */;
		};
/* End PBXTargetDependency section */

/* Begin XCBuildConfiguration section */
		034594632A83C1BC000D2184 /* Debug */ = {
			isa = XCBuildConfiguration;
			buildSettings = {
				ALWAYS_SEARCH_USER_PATHS = NO;
				ASSETCATALOG_COMPILER_GENERATE_SWIFT_ASSET_SYMBOL_EXTENSIONS = YES;
				CLANG_ANALYZER_NONNULL = YES;
				CLANG_ANALYZER_NUMBER_OBJECT_CONVERSION = YES_AGGRESSIVE;
				CLANG_CXX_LANGUAGE_STANDARD = "gnu++20";
				CLANG_ENABLE_MODULES = YES;
				CLANG_ENABLE_OBJC_ARC = YES;
				CLANG_ENABLE_OBJC_WEAK = YES;
				CLANG_WARN_BLOCK_CAPTURE_AUTORELEASING = YES;
				CLANG_WARN_BOOL_CONVERSION = YES;
				CLANG_WARN_COMMA = YES;
				CLANG_WARN_CONSTANT_CONVERSION = YES;
				CLANG_WARN_DEPRECATED_OBJC_IMPLEMENTATIONS = YES;
				CLANG_WARN_DIRECT_OBJC_ISA_USAGE = YES_ERROR;
				CLANG_WARN_DOCUMENTATION_COMMENTS = YES;
				CLANG_WARN_EMPTY_BODY = YES;
				CLANG_WARN_ENUM_CONVERSION = YES;
				CLANG_WARN_INFINITE_RECURSION = YES;
				CLANG_WARN_INT_CONVERSION = YES;
				CLANG_WARN_NON_LITERAL_NULL_CONVERSION = YES;
				CLANG_WARN_OBJC_IMPLICIT_RETAIN_SELF = YES;
				CLANG_WARN_OBJC_LITERAL_CONVERSION = YES;
				CLANG_WARN_OBJC_ROOT_CLASS = YES_ERROR;
				CLANG_WARN_QUOTED_INCLUDE_IN_FRAMEWORK_HEADER = YES;
				CLANG_WARN_RANGE_LOOP_ANALYSIS = YES;
				CLANG_WARN_STRICT_PROTOTYPES = YES;
				CLANG_WARN_SUSPICIOUS_MOVE = YES;
				CLANG_WARN_UNGUARDED_AVAILABILITY = YES_AGGRESSIVE;
				CLANG_WARN_UNREACHABLE_CODE = YES;
				CLANG_WARN__DUPLICATE_METHOD_MATCH = YES;
				COPY_PHASE_STRIP = NO;
				DEBUG_INFORMATION_FORMAT = dwarf;
				ENABLE_STRICT_OBJC_MSGSEND = YES;
				ENABLE_TESTABILITY = YES;
				ENABLE_USER_SCRIPT_SANDBOXING = YES;
				GCC_C_LANGUAGE_STANDARD = gnu17;
				GCC_DYNAMIC_NO_PIC = NO;
				GCC_NO_COMMON_BLOCKS = YES;
				GCC_OPTIMIZATION_LEVEL = 0;
				GCC_PREPROCESSOR_DEFINITIONS = (
					"DEBUG=1",
					"$(inherited)",
				);
				GCC_WARN_64_TO_32_BIT_CONVERSION = YES;
				GCC_WARN_ABOUT_RETURN_TYPE = YES_ERROR;
				GCC_WARN_UNDECLARED_SELECTOR = YES;
				GCC_WARN_UNINITIALIZED_AUTOS = YES_AGGRESSIVE;
				GCC_WARN_UNUSED_FUNCTION = YES;
				GCC_WARN_UNUSED_VARIABLE = YES;
				IPHONEOS_DEPLOYMENT_TARGET = 17.0;
				LOCALIZATION_PREFERS_STRING_CATALOGS = YES;
				MTL_ENABLE_DEBUG_INFO = INCLUDE_SOURCE;
				MTL_FAST_MATH = YES;
				ONLY_ACTIVE_ARCH = YES;
				SDKROOT = iphoneos;
				SWIFT_ACTIVE_COMPILATION_CONDITIONS = "DEBUG $(inherited)";
				SWIFT_OPTIMIZATION_LEVEL = "-Onone";
			};
			name = Debug;
		};
		034594642A83C1BC000D2184 /* Release */ = {
			isa = XCBuildConfiguration;
			buildSettings = {
				ALWAYS_SEARCH_USER_PATHS = NO;
				ASSETCATALOG_COMPILER_GENERATE_SWIFT_ASSET_SYMBOL_EXTENSIONS = YES;
				CLANG_ANALYZER_NONNULL = YES;
				CLANG_ANALYZER_NUMBER_OBJECT_CONVERSION = YES_AGGRESSIVE;
				CLANG_CXX_LANGUAGE_STANDARD = "gnu++20";
				CLANG_ENABLE_MODULES = YES;
				CLANG_ENABLE_OBJC_ARC = YES;
				CLANG_ENABLE_OBJC_WEAK = YES;
				CLANG_WARN_BLOCK_CAPTURE_AUTORELEASING = YES;
				CLANG_WARN_BOOL_CONVERSION = YES;
				CLANG_WARN_COMMA = YES;
				CLANG_WARN_CONSTANT_CONVERSION = YES;
				CLANG_WARN_DEPRECATED_OBJC_IMPLEMENTATIONS = YES;
				CLANG_WARN_DIRECT_OBJC_ISA_USAGE = YES_ERROR;
				CLANG_WARN_DOCUMENTATION_COMMENTS = YES;
				CLANG_WARN_EMPTY_BODY = YES;
				CLANG_WARN_ENUM_CONVERSION = YES;
				CLANG_WARN_INFINITE_RECURSION = YES;
				CLANG_WARN_INT_CONVERSION = YES;
				CLANG_WARN_NON_LITERAL_NULL_CONVERSION = YES;
				CLANG_WARN_OBJC_IMPLICIT_RETAIN_SELF = YES;
				CLANG_WARN_OBJC_LITERAL_CONVERSION = YES;
				CLANG_WARN_OBJC_ROOT_CLASS = YES_ERROR;
				CLANG_WARN_QUOTED_INCLUDE_IN_FRAMEWORK_HEADER = YES;
				CLANG_WARN_RANGE_LOOP_ANALYSIS = YES;
				CLANG_WARN_STRICT_PROTOTYPES = YES;
				CLANG_WARN_SUSPICIOUS_MOVE = YES;
				CLANG_WARN_UNGUARDED_AVAILABILITY = YES_AGGRESSIVE;
				CLANG_WARN_UNREACHABLE_CODE = YES;
				CLANG_WARN__DUPLICATE_METHOD_MATCH = YES;
				COPY_PHASE_STRIP = NO;
				DEBUG_INFORMATION_FORMAT = "dwarf-with-dsym";
				ENABLE_NS_ASSERTIONS = NO;
				ENABLE_STRICT_OBJC_MSGSEND = YES;
				ENABLE_USER_SCRIPT_SANDBOXING = YES;
				GCC_C_LANGUAGE_STANDARD = gnu17;
				GCC_NO_COMMON_BLOCKS = YES;
				GCC_WARN_64_TO_32_BIT_CONVERSION = YES;
				GCC_WARN_ABOUT_RETURN_TYPE = YES_ERROR;
				GCC_WARN_UNDECLARED_SELECTOR = YES;
				GCC_WARN_UNINITIALIZED_AUTOS = YES_AGGRESSIVE;
				GCC_WARN_UNUSED_FUNCTION = YES;
				GCC_WARN_UNUSED_VARIABLE = YES;
				IPHONEOS_DEPLOYMENT_TARGET = 17.0;
				LOCALIZATION_PREFERS_STRING_CATALOGS = YES;
				MTL_ENABLE_DEBUG_INFO = NO;
				MTL_FAST_MATH = YES;
				SDKROOT = iphoneos;
				SWIFT_COMPILATION_MODE = wholemodule;
				VALIDATE_PRODUCT = YES;
			};
			name = Release;
		};
		034594662A83C1BC000D2184 /* Debug */ = {
			isa = XCBuildConfiguration;
			buildSettings = {
				ASSETCATALOG_COMPILER_APPICON_NAME = AppIcon;
				ASSETCATALOG_COMPILER_GLOBAL_ACCENT_COLOR_NAME = AccentColor;
				CODE_SIGN_STYLE = Automatic;
				CURRENT_PROJECT_VERSION = 1;
				DEVELOPMENT_ASSET_PATHS = "";
				DEVELOPMENT_TEAM = FUX8BPCLMV;
				ENABLE_PREVIEWS = YES;
				GENERATE_INFOPLIST_FILE = YES;
				INFOPLIST_KEY_UIApplicationSceneManifest_Generation = YES;
				INFOPLIST_KEY_UIApplicationSupportsIndirectInputEvents = YES;
				INFOPLIST_KEY_UILaunchScreen_Generation = YES;
				INFOPLIST_KEY_UISupportedInterfaceOrientations_iPad = "UIInterfaceOrientationPortrait UIInterfaceOrientationPortraitUpsideDown UIInterfaceOrientationLandscapeLeft UIInterfaceOrientationLandscapeRight";
				INFOPLIST_KEY_UISupportedInterfaceOrientations_iPhone = "UIInterfaceOrientationPortrait UIInterfaceOrientationLandscapeLeft UIInterfaceOrientationLandscapeRight";
				IPHONEOS_DEPLOYMENT_TARGET = 16.5;
				LD_RUNPATH_SEARCH_PATHS = (
					"$(inherited)",
					"@executable_path/Frameworks",
				);
				MARKETING_VERSION = 1.0;
				PRODUCT_BUNDLE_IDENTIFIER = irisw.hapticsexample;
				PRODUCT_NAME = "$(TARGET_NAME)";
				SWIFT_EMIT_LOC_STRINGS = YES;
				SWIFT_VERSION = 5.0;
				TARGETED_DEVICE_FAMILY = "1,2";
			};
			name = Debug;
		};
		034594672A83C1BC000D2184 /* Release */ = {
			isa = XCBuildConfiguration;
			buildSettings = {
				ASSETCATALOG_COMPILER_APPICON_NAME = AppIcon;
				ASSETCATALOG_COMPILER_GLOBAL_ACCENT_COLOR_NAME = AccentColor;
				CODE_SIGN_STYLE = Automatic;
				CURRENT_PROJECT_VERSION = 1;
				DEVELOPMENT_ASSET_PATHS = "";
				DEVELOPMENT_TEAM = FUX8BPCLMV;
				ENABLE_PREVIEWS = YES;
				GENERATE_INFOPLIST_FILE = YES;
				INFOPLIST_KEY_UIApplicationSceneManifest_Generation = YES;
				INFOPLIST_KEY_UIApplicationSupportsIndirectInputEvents = YES;
				INFOPLIST_KEY_UILaunchScreen_Generation = YES;
				INFOPLIST_KEY_UISupportedInterfaceOrientations_iPad = "UIInterfaceOrientationPortrait UIInterfaceOrientationPortraitUpsideDown UIInterfaceOrientationLandscapeLeft UIInterfaceOrientationLandscapeRight";
				INFOPLIST_KEY_UISupportedInterfaceOrientations_iPhone = "UIInterfaceOrientationPortrait UIInterfaceOrientationLandscapeLeft UIInterfaceOrientationLandscapeRight";
				IPHONEOS_DEPLOYMENT_TARGET = 16.5;
				LD_RUNPATH_SEARCH_PATHS = (
					"$(inherited)",
					"@executable_path/Frameworks",
				);
				MARKETING_VERSION = 1.0;
				PRODUCT_BUNDLE_IDENTIFIER = irisw.hapticsexample;
				PRODUCT_NAME = "$(TARGET_NAME)";
				SWIFT_EMIT_LOC_STRINGS = YES;
				SWIFT_VERSION = 5.0;
				TARGETED_DEVICE_FAMILY = "1,2";
			};
			name = Release;
		};
		034594692A83C1BC000D2184 /* Debug */ = {
			isa = XCBuildConfiguration;
			buildSettings = {
				ALWAYS_EMBED_SWIFT_STANDARD_LIBRARIES = YES;
				BUNDLE_LOADER = "$(TEST_HOST)";
				CODE_SIGN_STYLE = Automatic;
				CURRENT_PROJECT_VERSION = 1;
				GENERATE_INFOPLIST_FILE = YES;
				IPHONEOS_DEPLOYMENT_TARGET = 17.0;
				MARKETING_VERSION = 1.0;
				PRODUCT_BUNDLE_IDENTIFIER = iris.hapticsexampleTests;
				PRODUCT_NAME = "$(TARGET_NAME)";
				SWIFT_EMIT_LOC_STRINGS = NO;
				SWIFT_VERSION = 5.0;
				TARGETED_DEVICE_FAMILY = "1,2";
				TEST_HOST = "$(BUILT_PRODUCTS_DIR)/HapticsDemo.app/$(BUNDLE_EXECUTABLE_FOLDER_PATH)/HapticsDemo";
			};
			name = Debug;
		};
		0345946A2A83C1BC000D2184 /* Release */ = {
			isa = XCBuildConfiguration;
			buildSettings = {
				ALWAYS_EMBED_SWIFT_STANDARD_LIBRARIES = YES;
				BUNDLE_LOADER = "$(TEST_HOST)";
				CODE_SIGN_STYLE = Automatic;
				CURRENT_PROJECT_VERSION = 1;
				GENERATE_INFOPLIST_FILE = YES;
				IPHONEOS_DEPLOYMENT_TARGET = 17.0;
				MARKETING_VERSION = 1.0;
				PRODUCT_BUNDLE_IDENTIFIER = iris.hapticsexampleTests;
				PRODUCT_NAME = "$(TARGET_NAME)";
				SWIFT_EMIT_LOC_STRINGS = NO;
				SWIFT_VERSION = 5.0;
				TARGETED_DEVICE_FAMILY = "1,2";
				TEST_HOST = "$(BUILT_PRODUCTS_DIR)/HapticsDemo.app/$(BUNDLE_EXECUTABLE_FOLDER_PATH)/HapticsDemo";
			};
			name = Release;
		};
		0345946C2A83C1BC000D2184 /* Debug */ = {
			isa = XCBuildConfiguration;
			buildSettings = {
				ALWAYS_EMBED_SWIFT_STANDARD_LIBRARIES = YES;
				CODE_SIGN_STYLE = Automatic;
				CURRENT_PROJECT_VERSION = 1;
				GENERATE_INFOPLIST_FILE = YES;
				MARKETING_VERSION = 1.0;
				PRODUCT_BUNDLE_IDENTIFIER = iris.hapticsexampleUITests;
				PRODUCT_NAME = "$(TARGET_NAME)";
				SWIFT_EMIT_LOC_STRINGS = NO;
				SWIFT_VERSION = 5.0;
				TARGETED_DEVICE_FAMILY = "1,2";
				TEST_TARGET_NAME = hapticsexample;
			};
			name = Debug;
		};
		0345946D2A83C1BC000D2184 /* Release */ = {
			isa = XCBuildConfiguration;
			buildSettings = {
				ALWAYS_EMBED_SWIFT_STANDARD_LIBRARIES = YES;
				CODE_SIGN_STYLE = Automatic;
				CURRENT_PROJECT_VERSION = 1;
				GENERATE_INFOPLIST_FILE = YES;
				MARKETING_VERSION = 1.0;
				PRODUCT_BUNDLE_IDENTIFIER = iris.hapticsexampleUITests;
				PRODUCT_NAME = "$(TARGET_NAME)";
				SWIFT_EMIT_LOC_STRINGS = NO;
				SWIFT_VERSION = 5.0;
				TARGETED_DEVICE_FAMILY = "1,2";
				TEST_TARGET_NAME = hapticsexample;
			};
			name = Release;
		};
/* End XCBuildConfiguration section */

/* Begin XCConfigurationList section */
		0345943C2A83C1B9000D2184 /* Build configuration list for PBXProject "HapticsDemo" */ = {
			isa = XCConfigurationList;
			buildConfigurations = (
				034594632A83C1BC000D2184 /* Debug */,
				034594642A83C1BC000D2184 /* Release */,
			);
			defaultConfigurationIsVisible = 0;
			defaultConfigurationName = Release;
		};
		034594652A83C1BC000D2184 /* Build configuration list for PBXNativeTarget "HapticsDemo" */ = {
			isa = XCConfigurationList;
			buildConfigurations = (
				034594662A83C1BC000D2184 /* Debug */,
				034594672A83C1BC000D2184 /* Release */,
			);
			defaultConfigurationIsVisible = 0;
			defaultConfigurationName = Release;
		};
		034594682A83C1BC000D2184 /* Build configuration list for PBXNativeTarget "HapticsDemoTests" */ = {
			isa = XCConfigurationList;
			buildConfigurations = (
				034594692A83C1BC000D2184 /* Debug */,
				0345946A2A83C1BC000D2184 /* Release */,
			);
			defaultConfigurationIsVisible = 0;
			defaultConfigurationName = Release;
		};
		0345946B2A83C1BC000D2184 /* Build configuration list for PBXNativeTarget "HapticsDemoUITests" */ = {
			isa = XCConfigurationList;
			buildConfigurations = (
				0345946C2A83C1BC000D2184 /* Debug */,
				0345946D2A83C1BC000D2184 /* Release */,
			);
			defaultConfigurationIsVisible = 0;
			defaultConfigurationName = Release;
		};
/* End XCConfigurationList section */
	};
	rootObject = 034594392A83C1B9000D2184 /* Project object */;
}
